
Microsoft Visual Studio Solution File, Format Version 11.00
# Visual Studio 2010
Project("{FAE04EC0-301F-11D3-BF4B-00C04F79EFBC}") = "Assembly-CSharp", "Assembly-CSharp.csproj", "{d100865d-a6f6-6291-8465-258ccaa12769}"
EndProject
Project("{FAE04EC0-301F-11D3-BF4B-00C04F79EFBC}") = "Assembly-CSharp-Editor", "Assembly-CSharp-Editor.csproj", "{8d75d782-63d5-6177-7451-2818f9593a8c}"
EndProject
Global
	GlobalSection(SolutionConfigurationPlatforms) = preSolution
		Debug|Any CPU = Debug|Any CPU
	EndGlobalSection
	GlobalSection(ProjectConfigurationPlatforms) = postSolution
		{d100865d-a6f6-6291-8465-258ccaa12769}.Debug|Any CPU.ActiveCfg = Debug|Any CPU
		{d100865d-a6f6-6291-8465-258ccaa12769}.Debug|Any CPU.Build.0 = Debug|Any CPU
		{8d75d782-63d5-6177-7451-2818f9593a8c}.Debug|Any CPU.ActiveCfg = Debug|Any CPU
		{8d75d782-63d5-6177-7451-2818f9593a8c}.Debug|Any CPU.Build.0 = Debug|Any CPU
	EndGlobalSection
	GlobalSection(SolutionProperties) = preSolution
		HideSolutionNode = FALSE
	EndGlobalSection
EndGlobal
